
Microsoft Visual Studio Solution File, Format Version 12.00
# Visual Studio Version 16
VisualStudioVersion = 16.0.30523.141
MinimumVisualStudioVersion = 10.0.40219.1
Project("{FAE04EC0-301F-11D3-BF4B-00C04F79EFBC}") = "BackgroundPing.iOS", "BackgroundPing\BackgroundPing.iOS\BackgroundPing.iOS.csproj", "{32AC568B-0621-4052-A8B0-ADE97403D45F}"
EndProject
Project("{FAE04EC0-301F-11D3-BF4B-00C04F79EFBC}") = "BackgroundPing", "BackgroundPing\BackgroundPing\BackgroundPing.csproj", "{EAA72F25-87F6-4FE2-987C-79B66385DADE}"
EndProject
Global
	GlobalSection(SolutionConfigurationPlatforms) = preSolution
		Debug|Any CPU = Debug|Any CPU
		Debug|iPhone = Debug|iPhone
		Debug|iPhoneSimulator = Debug|iPhoneSimulator
		Release|Any CPU = Release|Any CPU
		Release|iPhone = Release|iPhone
		Release|iPhoneSimulator = Release|iPhoneSimulator
	EndGlobalSection
	GlobalSection(ProjectConfigurationPlatforms) = postSolution
		{32AC568B-0621-4052-A8B0-ADE97403D45F}.Debug|Any CPU.ActiveCfg = Debug|iPhoneSimulator
		{32AC568B-0621-4052-A8B0-ADE97403D45F}.Debug|Any CPU.Build.0 = Debug|iPhoneSimulator
		{32AC568B-0621-4052-A8B0-ADE97403D45F}.Debug|Any CPU.Deploy.0 = Debug|iPhoneSimulator
		{32AC568B-0621-4052-A8B0-ADE97403D45F}.Debug|iPhone.ActiveCfg = Debug|iPhone
		{32AC568B-0621-4052-A8B0-ADE97403D45F}.Debug|iPhone.Build.0 = Debug|iPhone
		{32AC568B-0621-4052-A8B0-ADE97403D45F}.Debug|iPhone.Deploy.0 = Debug|iPhone
		{32AC568B-0621-4052-A8B0-ADE97403D45F}.Debug|iPhoneSimulator.ActiveCfg = Debug|iPhoneSimulator
		{32AC568B-0621-4052-A8B0-ADE97403D45F}.Debug|iPhoneSimulator.Build.0 = Debug|iPhoneSimulator
		{32AC568B-0621-4052-A8B0-ADE97403D45F}.Debug|iPhoneSimulator.Deploy.0 = Debug|iPhoneSimulator
		{32AC568B-0621-4052-A8B0-ADE97403D45F}.Release|Any CPU.ActiveCfg = Release|iPhoneSimulator
		{32AC568B-0621-4052-A8B0-ADE97403D45F}.Release|Any CPU.Build.0 = Release|iPhoneSimulator
		{32AC568B-0621-4052-A8B0-ADE97403D45F}.Release|Any CPU.Deploy.0 = Release|iPhoneSimulator
		{32AC568B-0621-4052-A8B0-ADE97403D45F}.Release|iPhone.ActiveCfg = Release|iPhone
		{32AC568B-0621-4052-A8B0-ADE97403D45F}.Release|iPhone.Build.0 = Release|iPhone
		{32AC568B-0621-4052-A8B0-ADE97403D45F}.Release|iPhone.Deploy.0 = Release|iPhone
		{32AC568B-0621-4052-A8B0-ADE97403D45F}.Release|iPhoneSimulator.ActiveCfg = Release|iPhoneSimulator
		{32AC568B-0621-4052-A8B0-ADE97403D45F}.Release|iPhoneSimulator.Build.0 = Release|iPhoneSimulator
		{32AC568B-0621-4052-A8B0-ADE97403D45F}.Release|iPhoneSimulator.Deploy.0 = Release|iPhoneSimulator
		{EAA72F25-87F6-4FE2-987C-79B66385DADE}.Debug|Any CPU.ActiveCfg = Debug|Any CPU
		{EAA72F25-87F6-4FE2-987C-79B66385DADE}.Debug|Any CPU.Build.0 = Debug|Any CPU
		{EAA72F25-87F6-4FE2-987C-79B66385DADE}.Debug|Any CPU.Deploy.0 = Debug|Any CPU
		{EAA72F25-87F6-4FE2-987C-79B66385DADE}.Debug|iPhone.ActiveCfg = Debug|Any CPU
		{EAA72F25-87F6-4FE2-987C-79B66385DADE}.Debug|iPhone.Build.0 = Debug|Any CPU
		{EAA72F25-87F6-4FE2-987C-79B66385DADE}.Debug|iPhone.Deploy.0 = Debug|Any CPU
		{EAA72F25-87F6-4FE2-987C-79B66385DADE}.Debug|iPhoneSimulator.ActiveCfg = Debug|Any CPU
		{EAA72F25-87F6-4FE2-987C-79B66385DADE}.Debug|iPhoneSimulator.Build.0 = Debug|Any CPU
		{EAA72F25-87F6-4FE2-987C-79B66385DADE}.Debug|iPhoneSimulator.Deploy.0 = Debug|Any CPU
		{EAA72F25-87F6-4FE2-987C-79B66385DADE}.Release|Any CPU.ActiveCfg = Release|Any CPU
		{EAA72F25-87F6-4FE2-987C-79B66385DADE}.Release|Any CPU.Build.0 = Release|Any CPU
		{EAA72F25-87F6-4FE2-987C-79B66385DADE}.Release|Any CPU.Deploy.0 = Release|Any CPU
		{EAA72F25-87F6-4FE2-987C-79B66385DADE}.Release|iPhone.ActiveCfg = Release|Any CPU
		{EAA72F25-87F6-4FE2-987C-79B66385DADE}.Release|iPhone.Build.0 = Release|Any CPU
		{EAA72F25-87F6-4FE2-987C-79B66385DADE}.Release|iPhone.Deploy.0 = Release|Any CPU
		{EAA72F25-87F6-4FE2-987C-79B66385DADE}.Release|iPhoneSimulator.ActiveCfg = Release|Any CPU
		{EAA72F25-87F6-4FE2-987C-79B66385DADE}.Release|iPhoneSimulator.Build.0 = Release|Any CPU
		{EAA72F25-87F6-4FE2-987C-79B66385DADE}.Release|iPhoneSimulator.Deploy.0 = Release|Any CPU
	EndGlobalSection
	GlobalSection(SolutionProperties) = preSolution
		HideSolutionNode = FALSE
	EndGlobalSection
	GlobalSection(ExtensibilityGlobals) = postSolution
		SolutionGuid = {61B2234A-0F10-4D4A-8AE7-EF2E40875AFA}
	EndGlobalSection
EndGlobal
